schema: '2.0'
stages:
  data_cleaning:
    cmd: python src/data/data_cleaning.py
    deps:
    - path: data/raw
      hash: md5
      md5: e943a356942030e3911367b7364f5de9.dir
      size: 9578343
      nfiles: 2
    - path: src/data/data_cleaning.py
      hash: md5
      md5: 6a73910637b622acd52a027b67fe4729
      size: 9133
    params:
      params.yaml:
        data_cleaning.test_size: 0.21
    outs:
    - path: data/cleaned
      hash: md5
      md5: 038fd62e37a24e38213d117de7104ba7.dir
      size: 3516505
      nfiles: 2
  feature_engineering:
    cmd: python src/features/feature_engineering.py
    deps:
    - path: data/cleaned
      hash: md5
      md5: 038fd62e37a24e38213d117de7104ba7.dir
      size: 3516505
      nfiles: 2
    - path: src/features/feature_engineering.py
      hash: md5
      md5: 14d62505c54eaf3a147e52eb02c90cf5
      size: 8321
    outs:
    - path: data/processed
      hash: md5
      md5: 8c424e32149f96bd9cbbf8cbad1ea09e.dir
      size: 19950289
      nfiles: 2
    - path: models/processor.pkl
      hash: md5
      md5: 30576e8db0ed493a76e950c94dfb8f23
      size: 4544
  model_building:
    cmd: python src/model/model_building.py
    deps:
    - path: data/processed
      hash: md5
      md5: 8c424e32149f96bd9cbbf8cbad1ea09e.dir
      size: 19950289
      nfiles: 2
    - path: src/model/model_building.py
      hash: md5
      md5: 68809104eedda8857655f94fb454928b
      size: 4936
    params:
      params.yaml:
        train.LGBM:
          max_depth: 20
          learning_rate: 0.64445579820182
          subsample: 0.554662572718129
          min_child_weight: 8
          min_split_gain: 0.200905822105395
          reg_lambda: 10.798160523492442
          random_state: 41
        train.Random_Forest:
          n_estimators: 908
          max_depth: 18
          min_samples_split: 7
          min_samples_leaf: 20
          max_features:
          bootstrap: true
          random_state: 42
    outs:
    - path: models/final_model.pkl
      hash: md5
      md5: 78eb24003a09658bdeead3d5f2a959db
      size: 95088882
    - path: models/stacking_regressor.pkl
      hash: md5
      md5: f2c837a3e2a0af51195ed4774535c1f0
      size: 95065944
    - path: models/stacking_transformer.pkl
      hash: md5
      md5: d43e7797bb5cdee0dc6d78697a7bc06f
      size: 663
  model_evaluation:
    cmd: python src/model/model_evaluation.py
    deps:
    - path: data/processed
      hash: md5
      md5: 8c424e32149f96bd9cbbf8cbad1ea09e.dir
      size: 19950289
      nfiles: 2
    - path: models/final_model.pkl
      hash: md5
      md5: 78eb24003a09658bdeead3d5f2a959db
      size: 95088882
    - path: src/model/model_evaluation.py
      hash: md5
      md5: 11302dba284177be91fe8c0734384bae
      size: 8638
    outs:
    - path: reports/eval_metrics.json
      hash: md5
      md5: fbf6610e16fb4013b1d6a21509f4af4c
      size: 271
    - path: reports/models_info.json
      hash: md5
      md5: d381394a94cf40e12ff352fcc01e429d
      size: 233
  model_registration:
    cmd: python src/model/model_register.py
    deps:
    - path: reports/models_info.json
      hash: md5
      md5: d381394a94cf40e12ff352fcc01e429d
      size: 233
    - path: src/model/model_register.py
      hash: md5
      md5: b1b1be9bca903edf9c45dfd0fb5db1c6
      size: 3887
