schema: '2.0'
stages:
  data_cleaning:
    cmd: python src/data/data_cleaning.py
    deps:
    - path: data/raw
      hash: md5
      md5: ba1daf66a48d59619fff40a2562e3494.dir
      size: 9578343
      nfiles: 3
    - path: src/data/data_cleaning.py
      hash: md5
      md5: 81150f1af5898c79e28a0246d2730fdd
      size: 9104
    params:
      params.yaml:
        data_cleaning.test_size: 0.2
    outs:
    - path: data/cleaned
      hash: md5
      md5: 5816d603bd60674df25754137470cc3b.dir
      size: 3516505
      nfiles: 2
  feature_engineering:
    cmd: python src/features/feature_engineering.py
    deps:
    - path: data/cleaned
      hash: md5
      md5: 5816d603bd60674df25754137470cc3b.dir
      size: 3516505
      nfiles: 2
    - path: src/features/feature_engineering.py
      hash: md5
      md5: bcfc179b7370e0b0ef61a98c82e14dc9
      size: 8215
    outs:
    - path: data/processed
      hash: md5
      md5: 25b8f4c29c7f3c0923649495338f9331.dir
      size: 19887847
      nfiles: 2
